
Microsoft Visual Studio Solution File, Format Version 12.00
# Visual Studio Version 17
VisualStudioVersion = 17.14.36414.22 d17.14
MinimumVisualStudioVersion = 10.0.40219.1
Project("{FAE04EC0-301F-11D3-BF4B-00C04F79EFBC}") = "CdStore", "CdStore\CdStore.csproj", "{93705FDB-932D-4E06-A00B-5DA9B420FF9B}"
EndProject
Global
	GlobalSection(SolutionConfigurationPlatforms) = preSolution
		Debug|Any CPU = Debug|Any CPU
		Release|Any CPU = Release|Any CPU
	EndGlobalSection
	GlobalSection(ProjectConfigurationPlatforms) = postSolution
		{93705FDB-932D-4E06-A00B-5DA9B420FF9B}.Debug|Any CPU.ActiveCfg = Debug|Any CPU
		{93705FDB-932D-4E06-A00B-5DA9B420FF9B}.Debug|Any CPU.Build.0 = Debug|Any CPU
		{93705FDB-932D-4E06-A00B-5DA9B420FF9B}.Release|Any CPU.ActiveCfg = Release|Any CPU
		{93705FDB-932D-4E06-A00B-5DA9B420FF9B}.Release|Any CPU.Build.0 = Release|Any CPU
	EndGlobalSection
	GlobalSection(SolutionProperties) = preSolution
		HideSolutionNode = FALSE
	EndGlobalSection
	GlobalSection(ExtensibilityGlobals) = postSolution
		SolutionGuid = {58357B28-8D00-45FC-AD01-80BC6FEED453}
	EndGlobalSection
EndGlobal
